
Microsoft Visual Studio Solution File, Format Version 12.00
# Visual Studio Version 16
VisualStudioVersion = 16.0.29230.47
MinimumVisualStudioVersion = 10.0.40219.1
Project("{FAE04EC0-301F-11D3-BF4B-00C04F79EFBC}") = "Company", "Company\Company.csproj", "{071D3374-EA3F-4025-94EA-5D2B8E5DDBAE}"
EndProject
Global
	GlobalSection(SolutionConfigurationPlatforms) = preSolution
		Debug|Any CPU = Debug|Any CPU
		Release|Any CPU = Release|Any CPU
	EndGlobalSection
	GlobalSection(ProjectConfigurationPlatforms) = postSolution
		{071D3374-EA3F-4025-94EA-5D2B8E5DDBAE}.Debug|Any CPU.ActiveCfg = Debug|Any CPU
		{071D3374-EA3F-4025-94EA-5D2B8E5DDBAE}.Debug|Any CPU.Build.0 = Debug|Any CPU
		{071D3374-EA3F-4025-94EA-5D2B8E5DDBAE}.Release|Any CPU.ActiveCfg = Release|Any CPU
		{071D3374-EA3F-4025-94EA-5D2B8E5DDBAE}.Release|Any CPU.Build.0 = Release|Any CPU
	EndGlobalSection
	GlobalSection(SolutionProperties) = preSolution
		HideSolutionNode = FALSE
	EndGlobalSection
	GlobalSection(ExtensibilityGlobals) = postSolution
		SolutionGuid = {8A353912-4475-433E-9B53-4E10B4B5D910}
	EndGlobalSection
EndGlobal
